// !$*UTF8*$!
{
	archiveVersion = 1;
	classes = {
	};
	objectVersion = 50;
	objects = {

/* Begin PBXBuildFile section */
		4258191F24A2599100B6937E /* AppDelegate.swift in Sources */ = {isa = PBXBuildFile; fileRef = 4258191E24A2599100B6937E /* AppDelegate.swift */; };
		4258192124A2599100B6937E /* SceneDelegate.swift in Sources */ = {isa = PBXBuildFile; fileRef = 4258192024A2599100B6937E /* SceneDelegate.swift */; };
		4258192324A2599100B6937E /* ViewController.swift in Sources */ = {isa = PBXBuildFile; fileRef = 4258192224A2599100B6937E /* ViewController.swift */; };
		4258192624A2599100B6937E /* Main.storyboard in Resources */ = {isa = PBXBuildFile; fileRef = 4258192424A2599100B6937E /* Main.storyboard */; };
		4258192924A2599100B6937E /* CameraLesson.xcdatamodeld in Sources */ = {isa = PBXBuildFile; fileRef = 4258192724A2599100B6937E /* CameraLesson.xcdatamodeld */; };
		4258192B24A2599900B6937E /* Assets.xcassets in Resources */ = {isa = PBXBuildFile; fileRef = 4258192A24A2599900B6937E /* Assets.xcassets */; };
		4258192E24A2599900B6937E /* LaunchScreen.storyboard in Resources */ = {isa = PBXBuildFile; fileRef = 4258192C24A2599900B6937E /* LaunchScreen.storyboard */; };
/* End PBXBuildFile section */

/* Begin PBXFileReference section */
		4258191B24A2599100B6937E /* CameraLesson.app */ = {isa = PBXFileReference; explicitFileType = wrapper.application; includeInIndex = 0; path = CameraLesson.app; sourceTree = BUILT_PRODUCTS_DIR; };
		4258191E24A2599100B6937E /* AppDelegate.swift */ = {isa = PBXFileReference; lastKnownFileType = sourcecode.swift; path = AppDelegate.swift; sourceTree = "<group>"; };
		4258192024A2599100B6937E /* SceneDelegate.swift */ = {isa = PBXFileReference; lastKnownFileType = sourcecode.swift; path = SceneDelegate.swift; sourceTree = "<group>"; };
		4258192224A2599100B6937E /* ViewController.swift */ = {isa = PBXFileReference; lastKnownFileType = sourcecode.swift; path = ViewController.swift; sourceTree = "<group>"; };
		4258192524A2599100B6937E /* Base */ = {isa = PBXFileReference; lastKnownFileType = file.storyboard; name = Base; path = Base.lproj/Main.storyboard; sourceTree = "<group>"; };
		4258192824A2599100B6937E /* CameraLesson.xcdatamodel */ = {isa = PBXFileReference; lastKnownFileType = wrapper.xcdatamodel; path = CameraLesson.xcdatamodel; sourceTree = "<group>"; };
		4258192A24A2599900B6937E /* Assets.xcassets */ = {isa = PBXFileReference; lastKnownFileType = folder.assetcatalog; path = Assets.xcassets; sourceTree = "<group>"; };
		4258192D24A2599900B6937E /* Base */ = {isa = PBXFileReference; lastKnownFileType = file.storyboard; name = Base; path = Base.lproj/LaunchScreen.storyboard; sourceTree = "<group>"; };
		4258192F24A2599900B6937E /* Info.plist */ = {isa = PBXFileReference; lastKnownFileType = text.plist.xml; path = Info.plist; sourceTree = "<group>"; };
/* End PBXFileReference section */

/* Begin PBXFrameworksBuildPhase section */
		4258191824A2599100B6937E /* Frameworks */ = {
			isa = PBXFrameworksBuildPhase;
			buildActionMask = 2147483647;
			files = (
			);
			runOnlyForDeploymentPostprocessing = 0;
		};
/* End PBXFrameworksBuildPhase section */

/* Begin PBXGroup section */
		4258191224A2599000B6937E = {
			isa = PBXGroup;
			children = (
				4258191D24A2599100B6937E /* CameraLesson */,
				4258191C24A2599100B6937E /* Products */,
			);
			sourceTree = "<group>";
		};
		4258191C24A2599100B6937E /* Products */ = {
			isa = PBXGroup;
			children = (
				4258191B24A2599100B6937E /* CameraLesson.app */,
			);
			name = Products;
			sourceTree = "<group>";
		};
		4258191D24A2599100B6937E /* CameraLesson */ = {
			isa = PBXGroup;
			children = (
				4258191E24A2599100B6937E /* AppDelegate.swift */,
				4258192024A2599100B6937E /* SceneDelegate.swift */,
				4258192224A2599100B6937E /* ViewController.swift */,
				4258192424A2599100B6937E /* Main.storyboard */,
				4258192A24A2599900B6937E /* Assets.xcassets */,
				4258192C24A2599900B6937E /* LaunchScreen.storyboard */,
				4258192F24A2599900B6937E /* Info.plist */,
				4258192724A2599100B6937E /* CameraLesson.xcdatamodeld */,
			);
			path = CameraLesson;
			sourceTree = "<group>";
		};
/* End PBXGroup section */

/* Begin PBXNativeTarget section */
		4258191A24A2599100B6937E /* CameraLesson */ = {
			isa = PBXNativeTarget;
			buildConfigurationList = 4258193224A2599900B6937E /* Build configuration list for PBXNativeTarget "CameraLesson" */;
			buildPhases = (
				4258191724A2599100B6937E /* Sources */,
				4258191824A2599100B6937E /* Frameworks */,
				4258191924A2599100B6937E /* Resources */,
			);
			buildRules = (
			);
			dependencies = (
			);
			name = CameraLesson;
			productName = CameraLesson;
			productReference = 4258191B24A2599100B6937E /* CameraLesson.app */;
			productType = "com.apple.product-type.application";
		};
/* End PBXNativeTarget section */

/* Begin PBXProject section */
		4258191324A2599000B6937E /* Project object */ = {
			isa = PBXProject;
			attributes = {
				LastSwiftUpdateCheck = 1150;
				LastUpgradeCheck = 1150;
				ORGANIZATIONNAME = "Sudiksha Pradhan";
				TargetAttributes = {
					4258191A24A2599100B6937E = {
						CreatedOnToolsVersion = 11.5;
					};
				};
			};
			buildConfigurationList = 4258191624A2599000B6937E /* Build configuration list for PBXProject "CameraLesson" */;
			compatibilityVersion = "Xcode 9.3";
			developmentRegion = en;
			hasScannedForEncodings = 0;
			knownRegions = (
				en,
				Base,
			);
			mainGroup = 4258191224A2599000B6937E;
			productRefGroup = 4258191C24A2599100B6937E /* Products */;
			projectDirPath = "";
			projectRoot = "";
			targets = (
				4258191A24A2599100B6937E /* CameraLesson */,
			);
		};
/* End PBXProject section */

/* Begin PBXResourcesBuildPhase section */
		4258191924A2599100B6937E /* Resources */ = {
			isa = PBXResourcesBuildPhase;
			buildActionMask = 2147483647;
			files = (
				4258192E24A2599900B6937E /* LaunchScreen.storyboard in Resources */,
				4258192B24A2599900B6937E /* Assets.xcassets in Resources */,
				4258192624A2599100B6937E /* Main.storyboard in Resources */,
			);
			runOnlyForDeploymentPostprocessing = 0;
		};
/* End PBXResourcesBuildPhase section */

/* Begin PBXSourcesBuildPhase section */
		4258191724A2599100B6937E /* Sources */ = {
			isa = PBXSourcesBuildPhase;
			buildActionMask = 2147483647;
			files = (
				4258192324A2599100B6937E /* ViewController.swift in Sources */,
				4258191F24A2599100B6937E /* AppDelegate.swift in Sources */,
				4258192924A2599100B6937E /* CameraLesson.xcdatamodeld in Sources */,
				4258192124A2599100B6937E /* SceneDelegate.swift in Sources */,
			);
			runOnlyForDeploymentPostprocessing = 0;
		};
/* End PBXSourcesBuildPhase section */

/* Begin PBXVariantGroup section */
		4258192424A2599100B6937E /* Main.storyboard */ = {
			isa = PBXVariantGroup;
			children = (
				4258192524A2599100B6937E /* Base */,
			);
			name = Main.storyboard;
			sourceTree = "<group>";
		};
		4258192C24A2599900B6937E /* LaunchScreen.storyboard */ = {
			isa = PBXVariantGroup;
			children = (
				4258192D24A2599900B6937E /* Base */,
			);
			name = LaunchScreen.storyboard;
			sourceTree = "<group>";
		};
/* End PBXVariantGroup section */

/* Begin XCBuildConfiguration section */
		4258193024A2599900B6937E /* Debug */ = {
			isa = XCBuildConfiguration;
			buildSettings = {
				ALWAYS_SEARCH_USER_PATHS = NO;
				CLANG_ANALYZER_NONNULL = YES;
				CLANG_ANALYZER_NUMBER_OBJECT_CONVERSION = YES_AGGRESSIVE;
				CLANG_CXX_LANGUAGE_STANDARD = "gnu++14";
				CLANG_CXX_LIBRARY = "libc++";
				CLANG_ENABLE_MODULES = YES;
				CLANG_ENABLE_OBJC_ARC = YES;
				CLANG_ENABLE_OBJC_WEAK = YES;
				CLANG_WARN_BLOCK_CAPTURE_AUTORELEASING = YES;
				CLANG_WARN_BOOL_CONVERSION = YES;
				CLANG_WARN_COMMA = YES;
				CLANG_WARN_CONSTANT_CONVERSION = YES;
				CLANG_WARN_DEPRECATED_OBJC_IMPLEMENTATIONS = YES;
				CLANG_WARN_DIRECT_OBJC_ISA_USAGE = YES_ERROR;
				CLANG_WARN_DOCUMENTATION_COMMENTS = YES;
				CLANG_WARN_EMPTY_BODY = YES;
				CLANG_WARN_ENUM_CONVERSION = YES;
				CLANG_WARN_INFINITE_RECURSION = YES;
				CLANG_WARN_INT_CONVERSION = YES;
				CLANG_WARN_NON_LITERAL_NULL_CONVERSION = YES;
				CLANG_WARN_OBJC_IMPLICIT_RETAIN_SELF = YES;
				CLANG_WARN_OBJC_LITERAL_CONVERSION = YES;
				CLANG_WARN_OBJC_ROOT_CLASS = YES_ERROR;
				CLANG_WARN_RANGE_LOOP_ANALYSIS = YES;
				CLANG_WARN_STRICT_PROTOTYPES = YES;
				CLANG_WARN_SUSPICIOUS_MOVE = YES;
				CLANG_WARN_UNGUARDED_AVAILABILITY = YES_AGGRESSIVE;
				CLANG_WARN_UNREACHABLE_CODE = YES;
				CLANG_WARN__DUPLICATE_METHOD_MATCH = YES;
				COPY_PHASE_STRIP = NO;
				DEBUG_INFORMATION_FORMAT = dwarf;
				ENABLE_STRICT_OBJC_MSGSEND = YES;
				ENABLE_TESTABILITY = YES;
				GCC_C_LANGUAGE_STANDARD = gnu11;
				GCC_DYNAMIC_NO_PIC = NO;
				GCC_NO_COMMON_BLOCKS = YES;
				GCC_OPTIMIZATION_LEVEL = 0;
				GCC_PREPROCESSOR_DEFINITIONS = (
					"DEBUG=1",
					"$(inherited)",
				);
				GCC_WARN_64_TO_32_BIT_CONVERSION = YES;
				GCC_WARN_ABOUT_RETURN_TYPE = YES_ERROR;
				GCC_WARN_UNDECLARED_SELECTOR = YES;
				GCC_WARN_UNINITIALIZED_AUTOS = YES_AGGRESSIVE;
				GCC_WARN_UNUSED_FUNCTION = YES;
				GCC_WARN_UNUSED_VARIABLE = YES;
				IPHONEOS_DEPLOYMENT_TARGET = 13.5;
				MTL_ENABLE_DEBUG_INFO = INCLUDE_SOURCE;
				MTL_FAST_MATH = YES;
				ONLY_ACTIVE_ARCH = YES;
				SDKROOT = iphoneos;
				SWIFT_ACTIVE_COMPILATION_CONDITIONS = DEBUG;
				SWIFT_OPTIMIZATION_LEVEL = "-Onone";
			};
			name = Debug;
		};
		4258193124A2599900B6937E /* Release */ = {
			isa = XCBuildConfiguration;
			buildSettings = {
				ALWAYS_SEARCH_USER_PATHS = NO;
				CLANG_ANALYZER_NONNULL = YES;
				CLANG_ANALYZER_NUMBER_OBJECT_CONVERSION = YES_AGGRESSIVE;
				CLANG_CXX_LANGUAGE_STANDARD = "gnu++14";
				CLANG_CXX_LIBRARY = "libc++";
				CLANG_ENABLE_MODULES = YES;
				CLANG_ENABLE_OBJC_ARC = YES;
				CLANG_ENABLE_OBJC_WEAK = YES;
				CLANG_WARN_BLOCK_CAPTURE_AUTORELEASING = YES;
				CLANG_WARN_BOOL_CONVERSION = YES;
				CLANG_WARN_COMMA = YES;
				CLANG_WARN_CONSTANT_CONVERSION = YES;
				CLANG_WARN_DEPRECATED_OBJC_IMPLEMENTATIONS = YES;
				CLANG_WARN_DIRECT_OBJC_ISA_USAGE = YES_ERROR;
				CLANG_WARN_DOCUMENTATION_COMMENTS = YES;
				CLANG_WARN_EMPTY_BODY = YES;
				CLANG_WARN_ENUM_CONVERSION = YES;
				CLANG_WARN_INFINITE_RECURSION = YES;
				CLANG_WARN_INT_CONVERSION = YES;
				CLANG_WARN_NON_LITERAL_NULL_CONVERSION = YES;
				CLANG_WARN_OBJC_IMPLICIT_RETAIN_SELF = YES;
				CLANG_WARN_OBJC_LITERAL_CONVERSION = YES;
				CLANG_WARN_OBJC_ROOT_CLASS = YES_ERROR;
				CLANG_WARN_RANGE_LOOP_ANALYSIS = YES;
				CLANG_WARN_STRICT_PROTOTYPES = YES;
				CLANG_WARN_SUSPICIOUS_MOVE = YES;
				CLANG_WARN_UNGUARDED_AVAILABILITY = YES_AGGRESSIVE;
				CLANG_WARN_UNREACHABLE_CODE = YES;
				CLANG_WARN__DUPLICATE_METHOD_MATCH = YES;
				COPY_PHASE_STRIP = NO;
				DEBUG_INFORMATION_FORMAT = "dwarf-with-dsym";
				ENABLE_NS_ASSERTIONS = NO;
				ENABLE_STRICT_OBJC_MSGSEND = YES;
				GCC_C_LANGUAGE_STANDARD = gnu11;
				GCC_NO_COMMON_BLOCKS = YES;
				GCC_WARN_64_TO_32_BIT_CONVERSION = YES;
				GCC_WARN_ABOUT_RETURN_TYPE = YES_ERROR;
				GCC_WARN_UNDECLARED_SELECTOR = YES;
				GCC_WARN_UNINITIALIZED_AUTOS = YES_AGGRESSIVE;
				GCC_WARN_UNUSED_FUNCTION = YES;
				GCC_WARN_UNUSED_VARIABLE = YES;
				IPHONEOS_DEPLOYMENT_TARGET = 13.5;
				MTL_ENABLE_DEBUG_INFO = NO;
				MTL_FAST_MATH = YES;
				SDKROOT = iphoneos;
				SWIFT_COMPILATION_MODE = wholemodule;
				SWIFT_OPTIMIZATION_LEVEL = "-O";
				VALIDATE_PRODUCT = YES;
			};
			name = Release;
		};
		4258193324A2599900B6937E /* Debug */ = {
			isa = XCBuildConfiguration;
			buildSettings = {
				ASSETCATALOG_COMPILER_APPICON_NAME = AppIcon;
				CODE_SIGN_STYLE = Automatic;
				DEVELOPMENT_TEAM = TB68968TPJ;
				INFOPLIST_FILE = CameraLesson/Info.plist;
				LD_RUNPATH_SEARCH_PATHS = (
					"$(inherited)",
					"@executable_path/Frameworks",
				);
				PRODUCT_BUNDLE_IDENTIFIER = "Kode-with-Klossy-2020.CameraLesson";
				PRODUCT_NAME = "$(TARGET_NAME)";
				SWIFT_VERSION = 5.0;
				TARGETED_DEVICE_FAMILY = "1,2";
			};
			name = Debug;
		};
		4258193424A2599900B6937E /* Release */ = {
			isa = XCBuildConfiguration;
			buildSettings = {
				ASSETCATALOG_COMPILER_APPICON_NAME = AppIcon;
				CODE_SIGN_STYLE = Automatic;
				DEVELOPMENT_TEAM = TB68968TPJ;
				INFOPLIST_FILE = CameraLesson/Info.plist;
				LD_RUNPATH_SEARCH_PATHS = (
					"$(inherited)",
					"@executable_path/Frameworks",
				);
				PRODUCT_BUNDLE_IDENTIFIER = "Kode-with-Klossy-2020.CameraLesson";
				PRODUCT_NAME = "$(TARGET_NAME)";
				SWIFT_VERSION = 5.0;
				TARGETED_DEVICE_FAMILY = "1,2";
			};
			name = Release;
		};
/* End XCBuildConfiguration section */

/* Begin XCConfigurationList section */
		4258191624A2599000B6937E /* Build configuration list for PBXProject "CameraLesson" */ = {
			isa = XCConfigurationList;
			buildConfigurations = (
				4258193024A2599900B6937E /* Debug */,
				4258193124A2599900B6937E /* Release */,
			);
			defaultConfigurationIsVisible = 0;
			defaultConfigurationName = Release;
		};
		4258193224A2599900B6937E /* Build configuration list for PBXNativeTarget "CameraLesson" */ = {
			isa = XCConfigurationList;
			buildConfigurations = (
				4258193324A2599900B6937E /* Debug */,
				4258193424A2599900B6937E /* Release */,
			);
			defaultConfigurationIsVisible = 0;
			defaultConfigurationName = Release;
		};
/* End XCConfigurationList section */

/* Begin XCVersionGroup section */
		4258192724A2599100B6937E /* CameraLesson.xcdatamodeld */ = {
			isa = XCVersionGroup;
			children = (
				4258192824A2599100B6937E /* CameraLesson.xcdatamodel */,
			);
			currentVersion = 4258192824A2599100B6937E /* CameraLesson.xcdatamodel */;
			path = CameraLesson.xcdatamodeld;
			sourceTree = "<group>";
			versionGroupType = wrapper.xcdatamodel;
		};
/* End XCVersionGroup section */
	};
	rootObject = 4258191324A2599000B6937E /* Project object */;
}
